Microsoft Visual Studio Solution File, Format Version 12.00
# Visual Studio Version 16
VisualStudioVersion = 16.0.32228.343
MinimumVisualStudioVersion = 10.0.40219.1
Project("{FAE04EC0-301F-11D3-BF4B-00C04F79EFBC}") = "WPF - глазки-save", "WPF - глазки-save.csproj", "{DA007D79-1867-40F8-A86E-37A20D1F7024}"
EndProject
Global
	GlobalSection(SolutionConfigurationPlatforms) = preSolution
		Debug|Any CPU = Debug|Any CPU
		Release|Any CPU = Release|Any CPU
	EndGlobalSection
	GlobalSection(ProjectConfigurationPlatforms) = postSolution
		{DA007D79-1867-40F8-A86E-37A20D1F7024}.Debug|Any CPU.ActiveCfg = Debug|Any CPU
		{DA007D79-1867-40F8-A86E-37A20D1F7024}.Debug|Any CPU.Build.0 = Debug|Any CPU
		{DA007D79-1867-40F8-A86E-37A20D1F7024}.Release|Any CPU.ActiveCfg = Release|Any CPU
		{DA007D79-1867-40F8-A86E-37A20D1F7024}.Release|Any CPU.Build.0 = Release|Any CPU
	EndGlobalSection
	GlobalSection(SolutionProperties) = preSolution
		HideSolutionNode = FALSE
	EndGlobalSection
	GlobalSection(ExtensibilityGlobals) = postSolution
		SolutionGuid = {8A385E6F-326D-4608-8C81-934AF80DF4B0}
	EndGlobalSection
EndGlobal
