
Microsoft Visual Studio Solution File, Format Version 12.00
# Visual Studio Version 17
VisualStudioVersion = 17.4.33110.190
MinimumVisualStudioVersion = 10.0.40219.1
Project("{FAE04EC0-301F-11D3-BF4B-00C04F79EFBC}") = "BlagodatAlice", "BlagodatAlice\BlagodatAlice.csproj", "{9C76094C-84F5-4EBD-8AAF-3A9E5B3A6CC8}"
EndProject
Global
	GlobalSection(SolutionConfigurationPlatforms) = preSolution
		Debug|Any CPU = Debug|Any CPU
		Release|Any CPU = Release|Any CPU
	EndGlobalSection
	GlobalSection(ProjectConfigurationPlatforms) = postSolution
		{9C76094C-84F5-4EBD-8AAF-3A9E5B3A6CC8}.Debug|Any CPU.ActiveCfg = Debug|Any CPU
		{9C76094C-84F5-4EBD-8AAF-3A9E5B3A6CC8}.Debug|Any CPU.Build.0 = Debug|Any CPU
		{9C76094C-84F5-4EBD-8AAF-3A9E5B3A6CC8}.Release|Any CPU.ActiveCfg = Release|Any CPU
		{9C76094C-84F5-4EBD-8AAF-3A9E5B3A6CC8}.Release|Any CPU.Build.0 = Release|Any CPU
	EndGlobalSection
	GlobalSection(SolutionProperties) = preSolution
		HideSolutionNode = FALSE
	EndGlobalSection
	GlobalSection(ExtensibilityGlobals) = postSolution
		SolutionGuid = {644DFCF6-AB97-4C2D-AFA2-14F058D552D2}
	EndGlobalSection
EndGlobal
