
Microsoft Visual Studio Solution File, Format Version 12.00
# Visual Studio Version 17
VisualStudioVersion = 17.4.33110.190
MinimumVisualStudioVersion = 10.0.40219.1
Project("{FAE04EC0-301F-11D3-BF4B-00C04F79EFBC}") = "GachiTours", "WitcherTours\WitcherTours.csproj", "{3CDC7A22-EE36-4C56-B57A-6F285D6C4FE8}"
EndProject
Global
	GlobalSection(SolutionConfigurationPlatforms) = preSolution
		Debug|Any CPU = Debug|Any CPU
		Release|Any CPU = Release|Any CPU
	EndGlobalSection
	GlobalSection(ProjectConfigurationPlatforms) = postSolution
		{3CDC7A22-EE36-4C56-B57A-6F285D6C4FE8}.Debug|Any CPU.ActiveCfg = Debug|Any CPU
		{3CDC7A22-EE36-4C56-B57A-6F285D6C4FE8}.Debug|Any CPU.Build.0 = Debug|Any CPU
		{3CDC7A22-EE36-4C56-B57A-6F285D6C4FE8}.Release|Any CPU.ActiveCfg = Release|Any CPU
		{3CDC7A22-EE36-4C56-B57A-6F285D6C4FE8}.Release|Any CPU.Build.0 = Release|Any CPU
	EndGlobalSection
	GlobalSection(SolutionProperties) = preSolution
		HideSolutionNode = FALSE
	EndGlobalSection
	GlobalSection(ExtensibilityGlobals) = postSolution
		SolutionGuid = {5A91328A-1C97-475C-BA4D-764ACD7B9D48}
	EndGlobalSection
EndGlobal
